
Microsoft Visual Studio Solution File, Format Version 12.00
# Visual Studio Version 17
VisualStudioVersion = 17.0.31903.59
MinimumVisualStudioVersion = 10.0.40219.1
Project("{9A19103F-16F7-4668-BE54-9A1E7A4F7556}") = "TdmPrototypeBackend.Test", "TdmPrototypeBackend.Test\TdmPrototypeBackend.Test.csproj", "{5CB86A4A-162D-4A20-9403-5BB89D671BF6}"
EndProject
Project("{9A19103F-16F7-4668-BE54-9A1E7A4F7556}") = "TdmPrototypeBackend.Api", "TdmPrototypeBackend.Api\TdmPrototypeBackend.Api.csproj", "{77B6BBE9-673A-4423-B891-2FC76BCFF698}"
EndProject
Project("{9A19103F-16F7-4668-BE54-9A1E7A4F7556}") = "TdmPrototypeBackend.Types", "TdmPrototypeBackend.Types\TdmPrototypeBackend.Types.csproj", "{C26476B0-9D9E-4C76-BB95-0D53BFB4D9D0}"
EndProject
Project("{2150E333-8FDC-42A3-9474-1A3956D46DE8}") = "tools", "tools", "{D28787F8-FAFE-4724-8476-88E817E01C42}"
EndProject
Project("{9A19103F-16F7-4668-BE54-9A1E7A4F7556}") = "TdmPrototypeBackend.Cli", "TdmPrototypeBackend.Cli\TdmPrototypeBackend.Cli.csproj", "{9279FC4F-675F-4C97-AB0C-5A7AE5690715}"
EndProject
Project("{9A19103F-16F7-4668-BE54-9A1E7A4F7556}") = "TdmPrototypeDmpSynchroniser.Api", "TdmPrototypeDmpSynchroniser.Api\TdmPrototypeDmpSynchroniser.Api.csproj", "{DA54D23D-7B7E-4DEA-9FA1-97BD71E71ACA}"
EndProject
Project("{2150E333-8FDC-42A3-9474-1A3956D46DE8}") = "libs", "libs", "{AAA39F74-0FD4-42BB-8BFD-39B70EBBD9D7}"
EndProject
Project("{9A19103F-16F7-4668-BE54-9A1E7A4F7556}") = "jsonapi-consumer", "libs\jsonapi-consumer\jsonapi-consumer.csproj", "{55821389-F563-42C1-805A-CF84ABE6018B}"
EndProject
Project("{9A19103F-16F7-4668-BE54-9A1E7A4F7556}") = "TdmPrototypeDmpSynchroniser.Test", "TdmPrototypeDmpSynchroniser.Test\TdmPrototypeDmpSynchroniser.Test.csproj", "{8EA6CFDD-BBCD-4AE1-B503-2B9AD420D1FF}"
EndProject
Project("{9A19103F-16F7-4668-BE54-9A1E7A4F7556}") = "TdmPrototypeCdsSimulator", "TdmPrototypeCdsSimulator\TdmPrototypeCdsSimulator.csproj", "{D0945A66-9FA0-47AE-82A5-A1FA21182672}"
EndProject
Project("{2150E333-8FDC-42A3-9474-1A3956D46DE8}") = "framework", "framework", "{741D67DE-B5E3-455F-905C-A9850B9AE21A}"
EndProject
Project("{2150E333-8FDC-42A3-9474-1A3956D46DE8}") = "azure", "azure", "{49AEE22B-FB7D-4D96-A25A-1BFF6947FED6}"
EndProject
Project("{2150E333-8FDC-42A3-9474-1A3956D46DE8}") = "bus", "bus", "{38DB5E56-59DB-43DF-A072-BE9994199A0A}"
EndProject
Project("{9A19103F-16F7-4668-BE54-9A1E7A4F7556}") = "TdmPrototypeBackend.ASB", "TdmPrototypeBackend.ASB\TdmPrototypeBackend.ASB.csproj", "{F127AE5D-B943-4F40-8B0B-0B0C8044B9D0}"
EndProject
Project("{9A19103F-16F7-4668-BE54-9A1E7A4F7556}") = "TdmPrototypeBackend.Azure", "TdmPrototypeBackend.Azure\TdmPrototypeBackend.Azure.csproj", "{3EC2DC48-959F-4280-AC92-E8DEAADDE11C}"
EndProject
Project("{2150E333-8FDC-42A3-9474-1A3956D46DE8}") = "storage", "storage", "{E2C1F510-C79C-486A-BB0B-6C21EBF1BC1E}"
EndProject
Project("{9A19103F-16F7-4668-BE54-9A1E7A4F7556}") = "TdmPrototypeBackend.Storage", "TdmPrototypeBackend.Storage\TdmPrototypeBackend.Storage.csproj", "{857B16AC-1965-4632-A013-6A5635E8D66C}"
EndProject
Project("{9A19103F-16F7-4668-BE54-9A1E7A4F7556}") = "TdmPrototypeBackend.Storage.Mongo", "TdmPrototypeBackend.Storage.Mongo\TdmPrototypeBackend.Storage.Mongo.csproj", "{072C8B80-A861-40CD-81A5-BA20C03B53DF}"
EndProject
Project("{9A19103F-16F7-4668-BE54-9A1E7A4F7556}") = "TdmPrototypeBackend.Matching", "TdmPrototypeBackend.Matching\TdmPrototypeBackend.Matching.csproj", "{0E07183F-7EB1-4775-82F7-EC622BC4FF58}"
EndProject
Project("{FAE04EC0-301F-11D3-BF4B-00C04F79EFBC}") = "Tdm.Types.Alvs", "Tdm.Types.Alvs\Tdm.Types.Alvs.csproj", "{818200BE-0C84-4C1F-B621-6E3DD5305B1A}"
EndProject
Project("{FAE04EC0-301F-11D3-BF4B-00C04F79EFBC}") = "Tdm.Model", "Tdm.Model\Tdm.Model.csproj", "{86A5421A-41E8-489E-BD3D-17FDF87F9A13}"
EndProject
Project("{FAE04EC0-301F-11D3-BF4B-00C04F79EFBC}") = "Tdm.Types.Alvs.Mapping", "Tdm.Types.Alvs.Mapping\Tdm.Types.Alvs.Mapping.csproj", "{D0A3198B-1BC7-4188-A370-0920913505C0}"
EndProject
Project("{2150E333-8FDC-42A3-9474-1A3956D46DE8}") = "NonPocWork", "NonPocWork", "{CD753605-DBBD-4C00-926A-F1E0061918E9}"
EndProject
Project("{FAE04EC0-301F-11D3-BF4B-00C04F79EFBC}") = "Tdm.Types.Alvs.Mapping.Tests", "Tdm.Types.Alvs.Mapping.Tests\Tdm.Types.Alvs.Mapping.Tests.csproj", "{0DA5EC96-55A1-4E3E-B09B-23CB2D02467C}"
EndProject
Project("{FAE04EC0-301F-11D3-BF4B-00C04F79EFBC}") = "Tdm.Types.Ipaffs", "Tdm.Types.Ipaffs\Tdm.Types.Ipaffs.csproj", "{7688B0E8-D22A-4EE4-897F-608AA598CEE6}"
EndProject
Project("{FAE04EC0-301F-11D3-BF4B-00C04F79EFBC}") = "Tdm.Types.Ipaffs.Mapping", "Tdm.Types.Ipaffs.Mapping\Tdm.Types.Ipaffs.Mapping.csproj", "{A0AE1E3A-58FB-461D-9194-F51BF3936CE6}"
EndProject
Project("{FAE04EC0-301F-11D3-BF4B-00C04F79EFBC}") = "Tdm.SensitiveData", "Tdm.SensitiveData\Tdm.SensitiveData.csproj", "{3B74AB43-D7BA-4C28-84B5-2F1C9ADC52A5}"
EndProject
Project("{9A19103F-16F7-4668-BE54-9A1E7A4F7556}") = "Tdm.Types.Ipaffs.Mapping.Tests", "Tdm.Types.Ipaffs.Mapping.Tests\Tdm.Types.Ipaffs.Mapping.Tests.csproj", "{ED439B2D-7EE3-4816-837A-EB6F3A8D74D9}"
EndProject
Global
	GlobalSection(SolutionConfigurationPlatforms) = preSolution
		Debug|Any CPU = Debug|Any CPU
		Release|Any CPU = Release|Any CPU
	EndGlobalSection
	GlobalSection(ProjectConfigurationPlatforms) = postSolution
		{5CB86A4A-162D-4A20-9403-5BB89D671BF6}.Debug|Any CPU.ActiveCfg = Debug|Any CPU
		{5CB86A4A-162D-4A20-9403-5BB89D671BF6}.Debug|Any CPU.Build.0 = Debug|Any CPU
		{5CB86A4A-162D-4A20-9403-5BB89D671BF6}.Release|Any CPU.ActiveCfg = Release|Any CPU
		{5CB86A4A-162D-4A20-9403-5BB89D671BF6}.Release|Any CPU.Build.0 = Release|Any CPU
		{77B6BBE9-673A-4423-B891-2FC76BCFF698}.Debug|Any CPU.ActiveCfg = Debug|Any CPU
		{77B6BBE9-673A-4423-B891-2FC76BCFF698}.Debug|Any CPU.Build.0 = Debug|Any CPU
		{77B6BBE9-673A-4423-B891-2FC76BCFF698}.Release|Any CPU.ActiveCfg = Release|Any CPU
		{77B6BBE9-673A-4423-B891-2FC76BCFF698}.Release|Any CPU.Build.0 = Release|Any CPU
		{C26476B0-9D9E-4C76-BB95-0D53BFB4D9D0}.Debug|Any CPU.ActiveCfg = Debug|Any CPU
		{C26476B0-9D9E-4C76-BB95-0D53BFB4D9D0}.Debug|Any CPU.Build.0 = Debug|Any CPU
		{C26476B0-9D9E-4C76-BB95-0D53BFB4D9D0}.Release|Any CPU.ActiveCfg = Release|Any CPU
		{C26476B0-9D9E-4C76-BB95-0D53BFB4D9D0}.Release|Any CPU.Build.0 = Release|Any CPU
		{9279FC4F-675F-4C97-AB0C-5A7AE5690715}.Debug|Any CPU.ActiveCfg = Debug|Any CPU
		{9279FC4F-675F-4C97-AB0C-5A7AE5690715}.Debug|Any CPU.Build.0 = Debug|Any CPU
		{9279FC4F-675F-4C97-AB0C-5A7AE5690715}.Release|Any CPU.ActiveCfg = Release|Any CPU
		{9279FC4F-675F-4C97-AB0C-5A7AE5690715}.Release|Any CPU.Build.0 = Release|Any CPU
		{DA54D23D-7B7E-4DEA-9FA1-97BD71E71ACA}.Debug|Any CPU.ActiveCfg = Debug|Any CPU
		{DA54D23D-7B7E-4DEA-9FA1-97BD71E71ACA}.Debug|Any CPU.Build.0 = Debug|Any CPU
		{DA54D23D-7B7E-4DEA-9FA1-97BD71E71ACA}.Release|Any CPU.ActiveCfg = Release|Any CPU
		{DA54D23D-7B7E-4DEA-9FA1-97BD71E71ACA}.Release|Any CPU.Build.0 = Release|Any CPU
		{55821389-F563-42C1-805A-CF84ABE6018B}.Debug|Any CPU.ActiveCfg = Debug|Any CPU
		{55821389-F563-42C1-805A-CF84ABE6018B}.Debug|Any CPU.Build.0 = Debug|Any CPU
		{55821389-F563-42C1-805A-CF84ABE6018B}.Release|Any CPU.ActiveCfg = Release|Any CPU
		{55821389-F563-42C1-805A-CF84ABE6018B}.Release|Any CPU.Build.0 = Release|Any CPU
		{8EA6CFDD-BBCD-4AE1-B503-2B9AD420D1FF}.Debug|Any CPU.ActiveCfg = Debug|Any CPU
		{8EA6CFDD-BBCD-4AE1-B503-2B9AD420D1FF}.Debug|Any CPU.Build.0 = Debug|Any CPU
		{8EA6CFDD-BBCD-4AE1-B503-2B9AD420D1FF}.Release|Any CPU.ActiveCfg = Release|Any CPU
		{8EA6CFDD-BBCD-4AE1-B503-2B9AD420D1FF}.Release|Any CPU.Build.0 = Release|Any CPU
		{D0945A66-9FA0-47AE-82A5-A1FA21182672}.Debug|Any CPU.ActiveCfg = Debug|Any CPU
		{D0945A66-9FA0-47AE-82A5-A1FA21182672}.Debug|Any CPU.Build.0 = Debug|Any CPU
		{D0945A66-9FA0-47AE-82A5-A1FA21182672}.Release|Any CPU.ActiveCfg = Release|Any CPU
		{D0945A66-9FA0-47AE-82A5-A1FA21182672}.Release|Any CPU.Build.0 = Release|Any CPU
		{F127AE5D-B943-4F40-8B0B-0B0C8044B9D0}.Debug|Any CPU.ActiveCfg = Debug|Any CPU
		{F127AE5D-B943-4F40-8B0B-0B0C8044B9D0}.Debug|Any CPU.Build.0 = Debug|Any CPU
		{F127AE5D-B943-4F40-8B0B-0B0C8044B9D0}.Release|Any CPU.ActiveCfg = Release|Any CPU
		{F127AE5D-B943-4F40-8B0B-0B0C8044B9D0}.Release|Any CPU.Build.0 = Release|Any CPU
		{3EC2DC48-959F-4280-AC92-E8DEAADDE11C}.Debug|Any CPU.ActiveCfg = Debug|Any CPU
		{3EC2DC48-959F-4280-AC92-E8DEAADDE11C}.Debug|Any CPU.Build.0 = Debug|Any CPU
		{3EC2DC48-959F-4280-AC92-E8DEAADDE11C}.Release|Any CPU.ActiveCfg = Release|Any CPU
		{3EC2DC48-959F-4280-AC92-E8DEAADDE11C}.Release|Any CPU.Build.0 = Release|Any CPU
		{857B16AC-1965-4632-A013-6A5635E8D66C}.Debug|Any CPU.ActiveCfg = Debug|Any CPU
		{857B16AC-1965-4632-A013-6A5635E8D66C}.Debug|Any CPU.Build.0 = Debug|Any CPU
		{857B16AC-1965-4632-A013-6A5635E8D66C}.Release|Any CPU.ActiveCfg = Release|Any CPU
		{857B16AC-1965-4632-A013-6A5635E8D66C}.Release|Any CPU.Build.0 = Release|Any CPU
		{072C8B80-A861-40CD-81A5-BA20C03B53DF}.Debug|Any CPU.ActiveCfg = Debug|Any CPU
		{072C8B80-A861-40CD-81A5-BA20C03B53DF}.Debug|Any CPU.Build.0 = Debug|Any CPU
		{072C8B80-A861-40CD-81A5-BA20C03B53DF}.Release|Any CPU.ActiveCfg = Release|Any CPU
		{072C8B80-A861-40CD-81A5-BA20C03B53DF}.Release|Any CPU.Build.0 = Release|Any CPU
		{0E07183F-7EB1-4775-82F7-EC622BC4FF58}.Debug|Any CPU.ActiveCfg = Debug|Any CPU
		{0E07183F-7EB1-4775-82F7-EC622BC4FF58}.Debug|Any CPU.Build.0 = Debug|Any CPU
		{0E07183F-7EB1-4775-82F7-EC622BC4FF58}.Release|Any CPU.ActiveCfg = Release|Any CPU
		{0E07183F-7EB1-4775-82F7-EC622BC4FF58}.Release|Any CPU.Build.0 = Release|Any CPU
		{818200BE-0C84-4C1F-B621-6E3DD5305B1A}.Debug|Any CPU.ActiveCfg = Debug|Any CPU
		{818200BE-0C84-4C1F-B621-6E3DD5305B1A}.Debug|Any CPU.Build.0 = Debug|Any CPU
		{818200BE-0C84-4C1F-B621-6E3DD5305B1A}.Release|Any CPU.ActiveCfg = Release|Any CPU
		{818200BE-0C84-4C1F-B621-6E3DD5305B1A}.Release|Any CPU.Build.0 = Release|Any CPU
		{86A5421A-41E8-489E-BD3D-17FDF87F9A13}.Debug|Any CPU.ActiveCfg = Debug|Any CPU
		{86A5421A-41E8-489E-BD3D-17FDF87F9A13}.Debug|Any CPU.Build.0 = Debug|Any CPU
		{86A5421A-41E8-489E-BD3D-17FDF87F9A13}.Release|Any CPU.ActiveCfg = Release|Any CPU
		{86A5421A-41E8-489E-BD3D-17FDF87F9A13}.Release|Any CPU.Build.0 = Release|Any CPU
		{D0A3198B-1BC7-4188-A370-0920913505C0}.Debug|Any CPU.ActiveCfg = Debug|Any CPU
		{D0A3198B-1BC7-4188-A370-0920913505C0}.Debug|Any CPU.Build.0 = Debug|Any CPU
		{D0A3198B-1BC7-4188-A370-0920913505C0}.Release|Any CPU.ActiveCfg = Release|Any CPU
		{D0A3198B-1BC7-4188-A370-0920913505C0}.Release|Any CPU.Build.0 = Release|Any CPU
		{0DA5EC96-55A1-4E3E-B09B-23CB2D02467C}.Debug|Any CPU.ActiveCfg = Debug|Any CPU
		{0DA5EC96-55A1-4E3E-B09B-23CB2D02467C}.Debug|Any CPU.Build.0 = Debug|Any CPU
		{0DA5EC96-55A1-4E3E-B09B-23CB2D02467C}.Release|Any CPU.ActiveCfg = Release|Any CPU
		{0DA5EC96-55A1-4E3E-B09B-23CB2D02467C}.Release|Any CPU.Build.0 = Release|Any CPU
		{7688B0E8-D22A-4EE4-897F-608AA598CEE6}.Debug|Any CPU.ActiveCfg = Debug|Any CPU
		{7688B0E8-D22A-4EE4-897F-608AA598CEE6}.Debug|Any CPU.Build.0 = Debug|Any CPU
		{7688B0E8-D22A-4EE4-897F-608AA598CEE6}.Release|Any CPU.ActiveCfg = Release|Any CPU
		{7688B0E8-D22A-4EE4-897F-608AA598CEE6}.Release|Any CPU.Build.0 = Release|Any CPU
		{A0AE1E3A-58FB-461D-9194-F51BF3936CE6}.Debug|Any CPU.ActiveCfg = Debug|Any CPU
		{A0AE1E3A-58FB-461D-9194-F51BF3936CE6}.Debug|Any CPU.Build.0 = Debug|Any CPU
		{A0AE1E3A-58FB-461D-9194-F51BF3936CE6}.Release|Any CPU.ActiveCfg = Release|Any CPU
		{A0AE1E3A-58FB-461D-9194-F51BF3936CE6}.Release|Any CPU.Build.0 = Release|Any CPU
		{3B74AB43-D7BA-4C28-84B5-2F1C9ADC52A5}.Debug|Any CPU.ActiveCfg = Debug|Any CPU
		{3B74AB43-D7BA-4C28-84B5-2F1C9ADC52A5}.Debug|Any CPU.Build.0 = Debug|Any CPU
		{3B74AB43-D7BA-4C28-84B5-2F1C9ADC52A5}.Release|Any CPU.ActiveCfg = Release|Any CPU
		{3B74AB43-D7BA-4C28-84B5-2F1C9ADC52A5}.Release|Any CPU.Build.0 = Release|Any CPU
		{ED439B2D-7EE3-4816-837A-EB6F3A8D74D9}.Debug|Any CPU.ActiveCfg = Debug|Any CPU
		{ED439B2D-7EE3-4816-837A-EB6F3A8D74D9}.Debug|Any CPU.Build.0 = Debug|Any CPU
		{ED439B2D-7EE3-4816-837A-EB6F3A8D74D9}.Release|Any CPU.ActiveCfg = Release|Any CPU
		{ED439B2D-7EE3-4816-837A-EB6F3A8D74D9}.Release|Any CPU.Build.0 = Release|Any CPU
	EndGlobalSection
	GlobalSection(SolutionProperties) = preSolution
		HideSolutionNode = FALSE
	EndGlobalSection
	GlobalSection(NestedProjects) = preSolution
		{9279FC4F-675F-4C97-AB0C-5A7AE5690715} = {D28787F8-FAFE-4724-8476-88E817E01C42}
		{55821389-F563-42C1-805A-CF84ABE6018B} = {AAA39F74-0FD4-42BB-8BFD-39B70EBBD9D7}
		{D0945A66-9FA0-47AE-82A5-A1FA21182672} = {D28787F8-FAFE-4724-8476-88E817E01C42}
		{49AEE22B-FB7D-4D96-A25A-1BFF6947FED6} = {741D67DE-B5E3-455F-905C-A9850B9AE21A}
		{38DB5E56-59DB-43DF-A072-BE9994199A0A} = {49AEE22B-FB7D-4D96-A25A-1BFF6947FED6}
		{F127AE5D-B943-4F40-8B0B-0B0C8044B9D0} = {38DB5E56-59DB-43DF-A072-BE9994199A0A}
		{3EC2DC48-959F-4280-AC92-E8DEAADDE11C} = {49AEE22B-FB7D-4D96-A25A-1BFF6947FED6}
		{E2C1F510-C79C-486A-BB0B-6C21EBF1BC1E} = {741D67DE-B5E3-455F-905C-A9850B9AE21A}
		{857B16AC-1965-4632-A013-6A5635E8D66C} = {E2C1F510-C79C-486A-BB0B-6C21EBF1BC1E}
		{072C8B80-A861-40CD-81A5-BA20C03B53DF} = {E2C1F510-C79C-486A-BB0B-6C21EBF1BC1E}
		{0E07183F-7EB1-4775-82F7-EC622BC4FF58} = {741D67DE-B5E3-455F-905C-A9850B9AE21A}
		{818200BE-0C84-4C1F-B621-6E3DD5305B1A} = {CD753605-DBBD-4C00-926A-F1E0061918E9}
		{86A5421A-41E8-489E-BD3D-17FDF87F9A13} = {CD753605-DBBD-4C00-926A-F1E0061918E9}
		{D0A3198B-1BC7-4188-A370-0920913505C0} = {CD753605-DBBD-4C00-926A-F1E0061918E9}
		{0DA5EC96-55A1-4E3E-B09B-23CB2D02467C} = {CD753605-DBBD-4C00-926A-F1E0061918E9}
		{7688B0E8-D22A-4EE4-897F-608AA598CEE6} = {CD753605-DBBD-4C00-926A-F1E0061918E9}
		{A0AE1E3A-58FB-461D-9194-F51BF3936CE6} = {CD753605-DBBD-4C00-926A-F1E0061918E9}
		{3B74AB43-D7BA-4C28-84B5-2F1C9ADC52A5} = {CD753605-DBBD-4C00-926A-F1E0061918E9}
		{ED439B2D-7EE3-4816-837A-EB6F3A8D74D9} = {CD753605-DBBD-4C00-926A-F1E0061918E9}
	EndGlobalSection
	GlobalSection(ExtensibilityGlobals) = postSolution
		SolutionGuid = {C397DA36-BA75-4366-A480-71026B8F38D3}
	EndGlobalSection
EndGlobal
